{
  "name": "prod",
  "lockfileVersion": 3,
  "requires": true,
  "packages": {
    "": {
      "dependencies": {
        "@codegenie/serverless-express": "^5.0.0"
      },
      "devDependencies": {
        "@types/aws-lambda": "^8.10.161"
      }
    },
    "node_modules/@codegenie/serverless-express": {
      "version": "5.0.0",
      "resolved": "https://registry.npmjs.org/@codegenie/serverless-express/-/serverless-express-5.0.0.tgz",
      "integrity": "sha512-7+PvSBj4KmPC8PVFDoXZp2cwTr13YIgFsZT55uJhpt7Ml1hJ3IK1Xnw36hr6GYVzLDrEW26oBZt50jamfu6kkw==",
      "license": "Apache-2.0",
      "engines": {
        "node": ">=24"
      }
    },
    "node_modules/@types/aws-lambda": {
      "version": "8.10.161",
      "resolved": "https://registry.npmjs.org/@types/aws-lambda/-/aws-lambda-8.10.161.tgz",
      "integrity": "sha512-rUYdp+MQwSFocxIOcSsYSF3YYYC/uUpMbCY/mbO21vGqfrEYvNSoPyKYDj6RhXXpPfS0KstW9RwG3qXh9sL7FQ==",
      "dev": true,
      "license": "MIT"
    }
  }
}
